
Microsoft Visual Studio Solution File, Format Version 12.00
# Visual Studio Version 17
VisualStudioVersion = 17.5.002.0
MinimumVisualStudioVersion = 10.0.40219.1
Project("{9A19103F-16F7-4668-BE54-9A1E7A4F7556}") = "backend", "backend\backend.csproj", "{0B440467-4FF0-4E8B-95D1-80DDC96F1221}"
EndProject
Global
	GlobalSection(SolutionConfigurationPlatforms) = preSolution
		Debug|Any CPU = Debug|Any CPU
		Release|Any CPU = Release|Any CPU
	EndGlobalSection
	GlobalSection(ProjectConfigurationPlatforms) = postSolution
		{0B440467-4FF0-4E8B-95D1-80DDC96F1221}.Debug|Any CPU.ActiveCfg = Debug|Any CPU
		{0B440467-4FF0-4E8B-95D1-80DDC96F1221}.Debug|Any CPU.Build.0 = Debug|Any CPU
		{0B440467-4FF0-4E8B-95D1-80DDC96F1221}.Release|Any CPU.ActiveCfg = Release|Any CPU
		{0B440467-4FF0-4E8B-95D1-80DDC96F1221}.Release|Any CPU.Build.0 = Release|Any CPU
	EndGlobalSection
	GlobalSection(SolutionProperties) = preSolution
		HideSolutionNode = FALSE
	EndGlobalSection
	GlobalSection(ExtensibilityGlobals) = postSolution
		SolutionGuid = {2D0447C7-008E-4E32-9F68-35EF0368BB89}
	EndGlobalSection
EndGlobal
