
Microsoft Visual Studio Solution File, Format Version 12.00
# Visual Studio Version 17
VisualStudioVersion = 17.5.002.0
MinimumVisualStudioVersion = 10.0.40219.1

Project("{9A19103F-16F7-4668-BE54-9A1E7A4F7556}") = "backend", "backend\backend.csproj", "{EA288BD9-1EBE-4F2B-81F7-05FA70121B8B}"
EndProject
Project("{2150E333-8FDC-42A3-9474-1A3956D46DE8}") = "test", "test", "{E7F83D5A-2712-4834-94E3-9D7C5EC10CD6}"
EndProject
Project("{FAE04EC0-301F-11D3-BF4B-00C04F79EFBC}") = "backend.Tests", "test\backend.Tests\backend.Tests.csproj", "{19C71B39-2380-4DA8-B205-66B0DC89A069}"
EndProject
Global
	GlobalSection(SolutionConfigurationPlatforms) = preSolution
		Debug|Any CPU = Debug|Any CPU
		Release|Any CPU = Release|Any CPU
	EndGlobalSection
	GlobalSection(ProjectConfigurationPlatforms) = postSolution
		{EA288BD9-1EBE-4F2B-81F7-05FA70121B8B}.Debug|Any CPU.ActiveCfg = Debug|Any CPU
		{EA288BD9-1EBE-4F2B-81F7-05FA70121B8B}.Debug|Any CPU.Build.0 = Debug|Any CPU
		{EA288BD9-1EBE-4F2B-81F7-05FA70121B8B}.Release|Any CPU.ActiveCfg = Release|Any CPU
		{EA288BD9-1EBE-4F2B-81F7-05FA70121B8B}.Release|Any CPU.Build.0 = Release|Any CPU
		{3440175E-E656-4AE0-B3D0-518C954087A4}.Debug|Any CPU.ActiveCfg = Debug|Any CPU
		{3440175E-E656-4AE0-B3D0-518C954087A4}.Debug|Any CPU.Build.0 = Debug|Any CPU
		{3440175E-E656-4AE0-B3D0-518C954087A4}.Release|Any CPU.ActiveCfg = Release|Any CPU
		{3440175E-E656-4AE0-B3D0-518C954087A4}.Release|Any CPU.Build.0 = Release|Any CPU
		{19C71B39-2380-4DA8-B205-66B0DC89A069}.Debug|Any CPU.ActiveCfg = Debug|Any CPU
		{19C71B39-2380-4DA8-B205-66B0DC89A069}.Debug|Any CPU.Build.0 = Debug|Any CPU
		{19C71B39-2380-4DA8-B205-66B0DC89A069}.Release|Any CPU.ActiveCfg = Release|Any CPU
		{19C71B39-2380-4DA8-B205-66B0DC89A069}.Release|Any CPU.Build.0 = Release|Any CPU
	EndGlobalSection
	GlobalSection(SolutionProperties) = preSolution
		HideSolutionNode = FALSE
	EndGlobalSection
	GlobalSection(ExtensibilityGlobals) = postSolution
		SolutionGuid = {795A27C7-2197-4B1A-AD40-90E34B058BEE}
	EndGlobalSection
	GlobalSection(NestedProjects) = preSolution
		{19C71B39-2380-4DA8-B205-66B0DC89A069} = {E7F83D5A-2712-4834-94E3-9D7C5EC10CD6}
	EndGlobalSection
EndGlobal
